// !$*UTF8*$!
{
	archiveVersion = 1;
	classes = {
	};
	objectVersion = 55;
	objects = {

/* Begin PBXBuildFile section */
		B570665628B89E1700FBF9C2 /* AppDelegate.m in Sources */ = {isa = PBXBuildFile; fileRef = B570665528B89E1700FBF9C2 /* AppDelegate.m */; };
		B570665928B89E1700FBF9C2 /* SceneDelegate.m in Sources */ = {isa = PBXBuildFile; fileRef = B570665828B89E1700FBF9C2 /* SceneDelegate.m */; };
		B570665C28B89E1700FBF9C2 /* ViewController.m in Sources */ = {isa = PBXBuildFile; fileRef = B570665B28B89E1700FBF9C2 /* ViewController.m */; };
		B570665F28B89E1700FBF9C2 /* Main.storyboard in Resources */ = {isa = PBXBuildFile; fileRef = B570665D28B89E1700FBF9C2 /* Main.storyboard */; };
		B570666128B89E1C00FBF9C2 /* Assets.xcassets in Resources */ = {isa = PBXBuildFile; fileRef = B570666028B89E1C00FBF9C2 /* Assets.xcassets */; };
		B570666428B89E1C00FBF9C2 /* LaunchScreen.storyboard in Resources */ = {isa = PBXBuildFile; fileRef = B570666228B89E1C00FBF9C2 /* LaunchScreen.storyboard */; };
		B570666728B89E1C00FBF9C2 /* main.m in Sources */ = {isa = PBXBuildFile; fileRef = B570666628B89E1C00FBF9C2 /* main.m */; };
		B570667128B89E1D00FBF9C2 /* Demo16Tests.m in Sources */ = {isa = PBXBuildFile; fileRef = B570667028B89E1D00FBF9C2 /* Demo16Tests.m */; };
		B570667B28B89E1D00FBF9C2 /* Demo16UITests.m in Sources */ = {isa = PBXBuildFile; fileRef = B570667A28B89E1D00FBF9C2 /* Demo16UITests.m */; };
		B570667D28B89E1D00FBF9C2 /* Demo16UITestsLaunchTests.m in Sources */ = {isa = PBXBuildFile; fileRef = B570667C28B89E1D00FBF9C2 /* Demo16UITestsLaunchTests.m */; };
/* End PBXBuildFile section */

/* Begin PBXContainerItemProxy section */
		B570666D28B89E1D00FBF9C2 /* PBXContainerItemProxy */ = {
			isa = PBXContainerItemProxy;
			containerPortal = B570664928B89E1700FBF9C2 /* Project object */;
			proxyType = 1;
			remoteGlobalIDString = B570665028B89E1700FBF9C2;
			remoteInfo = Demo16;
		};
		B570667728B89E1D00FBF9C2 /* PBXContainerItemProxy */ = {
			isa = PBXContainerItemProxy;
			containerPortal = B570664928B89E1700FBF9C2 /* Project object */;
			proxyType = 1;
			remoteGlobalIDString = B570665028B89E1700FBF9C2;
			remoteInfo = Demo16;
		};
/* End PBXContainerItemProxy section */

/* Begin PBXFileReference section */
		B570665128B89E1700FBF9C2 /* Demo16.app */ = {isa = PBXFileReference; explicitFileType = wrapper.application; includeInIndex = 0; path = Demo16.app; sourceTree = BUILT_PRODUCTS_DIR; };
		B570665428B89E1700FBF9C2 /* AppDelegate.h */ = {isa = PBXFileReference; lastKnownFileType = sourcecode.c.h; path = AppDelegate.h; sourceTree = "<group>"; };
		B570665528B89E1700FBF9C2 /* AppDelegate.m */ = {isa = PBXFileReference; lastKnownFileType = sourcecode.c.objc; path = AppDelegate.m; sourceTree = "<group>"; };
		B570665728B89E1700FBF9C2 /* SceneDelegate.h */ = {isa = PBXFileReference; lastKnownFileType = sourcecode.c.h; path = SceneDelegate.h; sourceTree = "<group>"; };
		B570665828B89E1700FBF9C2 /* SceneDelegate.m */ = {isa = PBXFileReference; lastKnownFileType = sourcecode.c.objc; path = SceneDelegate.m; sourceTree = "<group>"; };
		B570665A28B89E1700FBF9C2 /* ViewController.h */ = {isa = PBXFileReference; lastKnownFileType = sourcecode.c.h; path = ViewController.h; sourceTree = "<group>"; };
		B570665B28B89E1700FBF9C2 /* ViewController.m */ = {isa = PBXFileReference; lastKnownFileType = sourcecode.c.objc; path = ViewController.m; sourceTree = "<group>"; };
		B570665E28B89E1700FBF9C2 /* Base */ = {isa = PBXFileReference; lastKnownFileType = file.storyboard; name = Base; path = Base.lproj/Main.storyboard; sourceTree = "<group>"; };
		B570666028B89E1C00FBF9C2 /* Assets.xcassets */ = {isa = PBXFileReference; lastKnownFileType = folder.assetcatalog; path = Assets.xcassets; sourceTree = "<group>"; };
		B570666328B89E1C00FBF9C2 /* Base */ = {isa = PBXFileReference; lastKnownFileType = file.storyboard; name = Base; path = Base.lproj/LaunchScreen.storyboard; sourceTree = "<group>"; };
		B570666528B89E1C00FBF9C2 /* Info.plist */ = {isa = PBXFileReference; lastKnownFileType = text.plist.xml; path = Info.plist; sourceTree = "<group>"; };
		B570666628B89E1C00FBF9C2 /* main.m */ = {isa = PBXFileReference; lastKnownFileType = sourcecode.c.objc; path = main.m; sourceTree = "<group>"; };
		B570666C28B89E1D00FBF9C2 /* Demo16Tests.xctest */ = {isa = PBXFileReference; explicitFileType = wrapper.cfbundle; includeInIndex = 0; path = Demo16Tests.xctest; sourceTree = BUILT_PRODUCTS_DIR; };
		B570667028B89E1D00FBF9C2 /* Demo16Tests.m */ = {isa = PBXFileReference; lastKnownFileType = sourcecode.c.objc; path = Demo16Tests.m; sourceTree = "<group>"; };
		B570667628B89E1D00FBF9C2 /* Demo16UITests.xctest */ = {isa = PBXFileReference; explicitFileType = wrapper.cfbundle; includeInIndex = 0; path = Demo16UITests.xctest; sourceTree = BUILT_PRODUCTS_DIR; };
		B570667A28B89E1D00FBF9C2 /* Demo16UITests.m */ = {isa = PBXFileReference; lastKnownFileType = sourcecode.c.objc; path = Demo16UITests.m; sourceTree = "<group>"; };
		B570667C28B89E1D00FBF9C2 /* Demo16UITestsLaunchTests.m */ = {isa = PBXFileReference; lastKnownFileType = sourcecode.c.objc; path = Demo16UITestsLaunchTests.m; sourceTree = "<group>"; };
/* End PBXFileReference section */

/* Begin PBXFrameworksBuildPhase section */
		B570664E28B89E1700FBF9C2 /* Frameworks */ = {
			isa = PBXFrameworksBuildPhase;
			buildActionMask = 2147483647;
			files = (
			);
			runOnlyForDeploymentPostprocessing = 0;
		};
		B570666928B89E1D00FBF9C2 /* Frameworks */ = {
			isa = PBXFrameworksBuildPhase;
			buildActionMask = 2147483647;
			files = (
			);
			runOnlyForDeploymentPostprocessing = 0;
		};
		B570667328B89E1D00FBF9C2 /* Frameworks */ = {
			isa = PBXFrameworksBuildPhase;
			buildActionMask = 2147483647;
			files = (
			);
			runOnlyForDeploymentPostprocessing = 0;
		};
/* End PBXFrameworksBuildPhase section */

/* Begin PBXGroup section */
		B570664828B89E1700FBF9C2 = {
			isa = PBXGroup;
			children = (
				B570665328B89E1700FBF9C2 /* Demo16 */,
				B570666F28B89E1D00FBF9C2 /* Demo16Tests */,
				B570667928B89E1D00FBF9C2 /* Demo16UITests */,
				B570665228B89E1700FBF9C2 /* Products */,
			);
			sourceTree = "<group>";
		};
		B570665228B89E1700FBF9C2 /* Products */ = {
			isa = PBXGroup;
			children = (
				B570665128B89E1700FBF9C2 /* Demo16.app */,
				B570666C28B89E1D00FBF9C2 /* Demo16Tests.xctest */,
				B570667628B89E1D00FBF9C2 /* Demo16UITests.xctest */,
			);
			name = Products;
			sourceTree = "<group>";
		};
		B570665328B89E1700FBF9C2 /* Demo16 */ = {
			isa = PBXGroup;
			children = (
				B570665428B89E1700FBF9C2 /* AppDelegate.h */,
				B570665528B89E1700FBF9C2 /* AppDelegate.m */,
				B570665728B89E1700FBF9C2 /* SceneDelegate.h */,
				B570665828B89E1700FBF9C2 /* SceneDelegate.m */,
				B570665A28B89E1700FBF9C2 /* ViewController.h */,
				B570665B28B89E1700FBF9C2 /* ViewController.m */,
				B570665D28B89E1700FBF9C2 /* Main.storyboard */,
				B570666028B89E1C00FBF9C2 /* Assets.xcassets */,
				B570666228B89E1C00FBF9C2 /* LaunchScreen.storyboard */,
				B570666528B89E1C00FBF9C2 /* Info.plist */,
				B570666628B89E1C00FBF9C2 /* main.m */,
			);
			path = Demo16;
			sourceTree = "<group>";
		};
		B570666F28B89E1D00FBF9C2 /* Demo16Tests */ = {
			isa = PBXGroup;
			children = (
				B570667028B89E1D00FBF9C2 /* Demo16Tests.m */,
			);
			path = Demo16Tests;
			sourceTree = "<group>";
		};
		B570667928B89E1D00FBF9C2 /* Demo16UITests */ = {
			isa = PBXGroup;
			children = (
				B570667A28B89E1D00FBF9C2 /* Demo16UITests.m */,
				B570667C28B89E1D00FBF9C2 /* Demo16UITestsLaunchTests.m */,
			);
			path = Demo16UITests;
			sourceTree = "<group>";
		};
/* End PBXGroup section */

/* Begin PBXNativeTarget section */
		B570665028B89E1700FBF9C2 /* Demo16 */ = {
			isa = PBXNativeTarget;
			buildConfigurationList = B570668028B89E1D00FBF9C2 /* Build configuration list for PBXNativeTarget "Demo16" */;
			buildPhases = (
				B570664D28B89E1700FBF9C2 /* Sources */,
				B570664E28B89E1700FBF9C2 /* Frameworks */,
				B570664F28B89E1700FBF9C2 /* Resources */,
			);
			buildRules = (
			);
			dependencies = (
			);
			name = Demo16;
			productName = Demo16;
			productReference = B570665128B89E1700FBF9C2 /* Demo16.app */;
			productType = "com.apple.product-type.application";
		};
		B570666B28B89E1D00FBF9C2 /* Demo16Tests */ = {
			isa = PBXNativeTarget;
			buildConfigurationList = B570668328B89E1D00FBF9C2 /* Build configuration list for PBXNativeTarget "Demo16Tests" */;
			buildPhases = (
				B570666828B89E1D00FBF9C2 /* Sources */,
				B570666928B89E1D00FBF9C2 /* Frameworks */,
				B570666A28B89E1D00FBF9C2 /* Resources */,
			);
			buildRules = (
			);
			dependencies = (
				B570666E28B89E1D00FBF9C2 /* PBXTargetDependency */,
			);
			name = Demo16Tests;
			productName = Demo16Tests;
			productReference = B570666C28B89E1D00FBF9C2 /* Demo16Tests.xctest */;
			productType = "com.apple.product-type.bundle.unit-test";
		};
		B570667528B89E1D00FBF9C2 /* Demo16UITests */ = {
			isa = PBXNativeTarget;
			buildConfigurationList = B570668628B89E1D00FBF9C2 /* Build configuration list for PBXNativeTarget "Demo16UITests" */;
			buildPhases = (
				B570667228B89E1D00FBF9C2 /* Sources */,
				B570667328B89E1D00FBF9C2 /* Frameworks */,
				B570667428B89E1D00FBF9C2 /* Resources */,
			);
			buildRules = (
			);
			dependencies = (
				B570667828B89E1D00FBF9C2 /* PBXTargetDependency */,
			);
			name = Demo16UITests;
			productName = Demo16UITests;
			productReference = B570667628B89E1D00FBF9C2 /* Demo16UITests.xctest */;
			productType = "com.apple.product-type.bundle.ui-testing";
		};
/* End PBXNativeTarget section */

/* Begin PBXProject section */
		B570664928B89E1700FBF9C2 /* Project object */ = {
			isa = PBXProject;
			attributes = {
				BuildIndependentTargetsInParallel = 1;
				LastUpgradeCheck = 1340;
				TargetAttributes = {
					B570665028B89E1700FBF9C2 = {
						CreatedOnToolsVersion = 13.4.1;
					};
					B570666B28B89E1D00FBF9C2 = {
						CreatedOnToolsVersion = 13.4.1;
						TestTargetID = B570665028B89E1700FBF9C2;
					};
					B570667528B89E1D00FBF9C2 = {
						CreatedOnToolsVersion = 13.4.1;
						TestTargetID = B570665028B89E1700FBF9C2;
					};
				};
			};
			buildConfigurationList = B570664C28B89E1700FBF9C2 /* Build configuration list for PBXProject "Demo16" */;
			compatibilityVersion = "Xcode 13.0";
			developmentRegion = en;
			hasScannedForEncodings = 0;
			knownRegions = (
				en,
				Base,
			);
			mainGroup = B570664828B89E1700FBF9C2;
			productRefGroup = B570665228B89E1700FBF9C2 /* Products */;
			projectDirPath = "";
			projectRoot = "";
			targets = (
				B570665028B89E1700FBF9C2 /* Demo16 */,
				B570666B28B89E1D00FBF9C2 /* Demo16Tests */,
				B570667528B89E1D00FBF9C2 /* Demo16UITests */,
			);
		};
/* End PBXProject section */

/* Begin PBXResourcesBuildPhase section */
		B570664F28B89E1700FBF9C2 /* Resources */ = {
			isa = PBXResourcesBuildPhase;
			buildActionMask = 2147483647;
			files = (
				B570666428B89E1C00FBF9C2 /* LaunchScreen.storyboard in Resources */,
				B570666128B89E1C00FBF9C2 /* Assets.xcassets in Resources */,
				B570665F28B89E1700FBF9C2 /* Main.storyboard in Resources */,
			);
			runOnlyForDeploymentPostprocessing = 0;
		};
		B570666A28B89E1D00FBF9C2 /* Resources */ = {
			isa = PBXResourcesBuildPhase;
			buildActionMask = 2147483647;
			files = (
			);
			runOnlyForDeploymentPostprocessing = 0;
		};
		B570667428B89E1D00FBF9C2 /* Resources */ = {
			isa = PBXResourcesBuildPhase;
			buildActionMask = 2147483647;
			files = (
			);
			runOnlyForDeploymentPostprocessing = 0;
		};
/* End PBXResourcesBuildPhase section */

/* Begin PBXSourcesBuildPhase section */
		B570664D28B89E1700FBF9C2 /* Sources */ = {
			isa = PBXSourcesBuildPhase;
			buildActionMask = 2147483647;
			files = (
				B570665C28B89E1700FBF9C2 /* ViewController.m in Sources */,
				B570665628B89E1700FBF9C2 /* AppDelegate.m in Sources */,
				B570666728B89E1C00FBF9C2 /* main.m in Sources */,
				B570665928B89E1700FBF9C2 /* SceneDelegate.m in Sources */,
			);
			runOnlyForDeploymentPostprocessing = 0;
		};
		B570666828B89E1D00FBF9C2 /* Sources */ = {
			isa = PBXSourcesBuildPhase;
			buildActionMask = 2147483647;
			files = (
				B570667128B89E1D00FBF9C2 /* Demo16Tests.m in Sources */,
			);
			runOnlyForDeploymentPostprocessing = 0;
		};
		B570667228B89E1D00FBF9C2 /* Sources */ = {
			isa = PBXSourcesBuildPhase;
			buildActionMask = 2147483647;
			files = (
				B570667D28B89E1D00FBF9C2 /* Demo16UITestsLaunchTests.m in Sources */,
				B570667B28B89E1D00FBF9C2 /* Demo16UITests.m in Sources */,
			);
			runOnlyForDeploymentPostprocessing = 0;
		};
/* End PBXSourcesBuildPhase section */

/* Begin PBXTargetDependency section */
		B570666E28B89E1D00FBF9C2 /* PBXTargetDependency */ = {
			isa = PBXTargetDependency;
			target = B570665028B89E1700FBF9C2 /* Demo16 */;
			targetProxy = B570666D28B89E1D00FBF9C2 /* PBXContainerItemProxy */;
		};
		B570667828B89E1D00FBF9C2 /* PBXTargetDependency */ = {
			isa = PBXTargetDependency;
			target = B570665028B89E1700FBF9C2 /* Demo16 */;
			targetProxy = B570667728B89E1D00FBF9C2 /* PBXContainerItemProxy */;
		};
/* End PBXTargetDependency section */

/* Begin PBXVariantGroup section */
		B570665D28B89E1700FBF9C2 /* Main.storyboard */ = {
			isa = PBXVariantGroup;
			children = (
				B570665E28B89E1700FBF9C2 /* Base */,
			);
			name = Main.storyboard;
			sourceTree = "<group>";
		};
		B570666228B89E1C00FBF9C2 /* LaunchScreen.storyboard */ = {
			isa = PBXVariantGroup;
			children = (
				B570666328B89E1C00FBF9C2 /* Base */,
			);
			name = LaunchScreen.storyboard;
			sourceTree = "<group>";
		};
/* End PBXVariantGroup section */

/* Begin XCBuildConfiguration section */
		B570667E28B89E1D00FBF9C2 /* Debug */ = {
			isa = XCBuildConfiguration;
			buildSettings = {
				ALWAYS_SEARCH_USER_PATHS = NO;
				CLANG_ANALYZER_NONNULL = YES;
				CLANG_ANALYZER_NUMBER_OBJECT_CONVERSION = YES_AGGRESSIVE;
				CLANG_CXX_LANGUAGE_STANDARD = "gnu++17";
				CLANG_ENABLE_MODULES = YES;
				CLANG_ENABLE_OBJC_ARC = YES;
				CLANG_ENABLE_OBJC_WEAK = YES;
				CLANG_WARN_BLOCK_CAPTURE_AUTORELEASING = YES;
				CLANG_WARN_BOOL_CONVERSION = YES;
				CLANG_WARN_COMMA = YES;
				CLANG_WARN_CONSTANT_CONVERSION = YES;
				CLANG_WARN_DEPRECATED_OBJC_IMPLEMENTATIONS = YES;
				CLANG_WARN_DIRECT_OBJC_ISA_USAGE = YES_ERROR;
				CLANG_WARN_DOCUMENTATION_COMMENTS = YES;
				CLANG_WARN_EMPTY_BODY = YES;
				CLANG_WARN_ENUM_CONVERSION = YES;
				CLANG_WARN_INFINITE_RECURSION = YES;
				CLANG_WARN_INT_CONVERSION = YES;
				CLANG_WARN_NON_LITERAL_NULL_CONVERSION = YES;
				CLANG_WARN_OBJC_IMPLICIT_RETAIN_SELF = YES;
				CLANG_WARN_OBJC_LITERAL_CONVERSION = YES;
				CLANG_WARN_OBJC_ROOT_CLASS = YES_ERROR;
				CLANG_WARN_QUOTED_INCLUDE_IN_FRAMEWORK_HEADER = YES;
				CLANG_WARN_RANGE_LOOP_ANALYSIS = YES;
				CLANG_WARN_STRICT_PROTOTYPES = YES;
				CLANG_WARN_SUSPICIOUS_MOVE = YES;
				CLANG_WARN_UNGUARDED_AVAILABILITY = YES_AGGRESSIVE;
				CLANG_WARN_UNREACHABLE_CODE = YES;
				CLANG_WARN__DUPLICATE_METHOD_MATCH = YES;
				COPY_PHASE_STRIP = NO;
				DEBUG_INFORMATION_FORMAT = dwarf;
				ENABLE_STRICT_OBJC_MSGSEND = YES;
				ENABLE_TESTABILITY = YES;
				GCC_C_LANGUAGE_STANDARD = gnu11;
				GCC_DYNAMIC_NO_PIC = NO;
				GCC_NO_COMMON_BLOCKS = YES;
				GCC_OPTIMIZATION_LEVEL = 0;
				GCC_PREPROCESSOR_DEFINITIONS = (
					"DEBUG=1",
					"$(inherited)",
				);
				GCC_WARN_64_TO_32_BIT_CONVERSION = YES;
				GCC_WARN_ABOUT_RETURN_TYPE = YES_ERROR;
				GCC_WARN_UNDECLARED_SELECTOR = YES;
				GCC_WARN_UNINITIALIZED_AUTOS = YES_AGGRESSIVE;
				GCC_WARN_UNUSED_FUNCTION = YES;
				GCC_WARN_UNUSED_VARIABLE = YES;
				IPHONEOS_DEPLOYMENT_TARGET = 15.5;
				MTL_ENABLE_DEBUG_INFO = INCLUDE_SOURCE;
				MTL_FAST_MATH = YES;
				ONLY_ACTIVE_ARCH = YES;
				SDKROOT = iphoneos;
			};
			name = Debug;
		};
		B570667F28B89E1D00FBF9C2 /* Release */ = {
			isa = XCBuildConfiguration;
			buildSettings = {
				ALWAYS_SEARCH_USER_PATHS = NO;
				CLANG_ANALYZER_NONNULL = YES;
				CLANG_ANALYZER_NUMBER_OBJECT_CONVERSION = YES_AGGRESSIVE;
				CLANG_CXX_LANGUAGE_STANDARD = "gnu++17";
				CLANG_ENABLE_MODULES = YES;
				CLANG_ENABLE_OBJC_ARC = YES;
				CLANG_ENABLE_OBJC_WEAK = YES;
				CLANG_WARN_BLOCK_CAPTURE_AUTORELEASING = YES;
				CLANG_WARN_BOOL_CONVERSION = YES;
				CLANG_WARN_COMMA = YES;
				CLANG_WARN_CONSTANT_CONVERSION = YES;
				CLANG_WARN_DEPRECATED_OBJC_IMPLEMENTATIONS = YES;
				CLANG_WARN_DIRECT_OBJC_ISA_USAGE = YES_ERROR;
				CLANG_WARN_DOCUMENTATION_COMMENTS = YES;
				CLANG_WARN_EMPTY_BODY = YES;
				CLANG_WARN_ENUM_CONVERSION = YES;
				CLANG_WARN_INFINITE_RECURSION = YES;
				CLANG_WARN_INT_CONVERSION = YES;
				CLANG_WARN_NON_LITERAL_NULL_CONVERSION = YES;
				CLANG_WARN_OBJC_IMPLICIT_RETAIN_SELF = YES;
				CLANG_WARN_OBJC_LITERAL_CONVERSION = YES;
				CLANG_WARN_OBJC_ROOT_CLASS = YES_ERROR;
				CLANG_WARN_QUOTED_INCLUDE_IN_FRAMEWORK_HEADER = YES;
				CLANG_WARN_RANGE_LOOP_ANALYSIS = YES;
				CLANG_WARN_STRICT_PROTOTYPES = YES;
				CLANG_WARN_SUSPICIOUS_MOVE = YES;
				CLANG_WARN_UNGUARDED_AVAILABILITY = YES_AGGRESSIVE;
				CLANG_WARN_UNREACHABLE_CODE = YES;
				CLANG_WARN__DUPLICATE_METHOD_MATCH = YES;
				COPY_PHASE_STRIP = NO;
				DEBUG_INFORMATION_FORMAT = "dwarf-with-dsym";
				ENABLE_NS_ASSERTIONS = NO;
				ENABLE_STRICT_OBJC_MSGSEND = YES;
				GCC_C_LANGUAGE_STANDARD = gnu11;
				GCC_NO_COMMON_BLOCKS = YES;
				GCC_WARN_64_TO_32_BIT_CONVERSION = YES;
				GCC_WARN_ABOUT_RETURN_TYPE = YES_ERROR;
				GCC_WARN_UNDECLARED_SELECTOR = YES;
				GCC_WARN_UNINITIALIZED_AUTOS = YES_AGGRESSIVE;
				GCC_WARN_UNUSED_FUNCTION = YES;
				GCC_WARN_UNUSED_VARIABLE = YES;
				IPHONEOS_DEPLOYMENT_TARGET = 15.5;
				MTL_ENABLE_DEBUG_INFO = NO;
				MTL_FAST_MATH = YES;
				SDKROOT = iphoneos;
				VALIDATE_PRODUCT = YES;
			};
			name = Release;
		};
		B570668128B89E1D00FBF9C2 /* Debug */ = {
			isa = XCBuildConfiguration;
			buildSettings = {
				ASSETCATALOG_COMPILER_APPICON_NAME = AppIcon;
				ASSETCATALOG_COMPILER_GLOBAL_ACCENT_COLOR_NAME = AccentColor;
				CODE_SIGN_STYLE = Automatic;
				CURRENT_PROJECT_VERSION = 1;
				GENERATE_INFOPLIST_FILE = YES;
				INFOPLIST_FILE = Demo16/Info.plist;
				INFOPLIST_KEY_UIApplicationSupportsIndirectInputEvents = YES;
				INFOPLIST_KEY_UILaunchStoryboardName = LaunchScreen;
				INFOPLIST_KEY_UIMainStoryboardFile = Main;
				INFOPLIST_KEY_UISupportedInterfaceOrientations_iPad = "UIInterfaceOrientationPortrait UIInterfaceOrientationPortraitUpsideDown UIInterfaceOrientationLandscapeLeft UIInterfaceOrientationLandscapeRight";
				INFOPLIST_KEY_UISupportedInterfaceOrientations_iPhone = "UIInterfaceOrientationPortrait UIInterfaceOrientationLandscapeLeft UIInterfaceOrientationLandscapeRight";
				LD_RUNPATH_SEARCH_PATHS = (
					"$(inherited)",
					"@executable_path/Frameworks",
				);
				MARKETING_VERSION = 1.0;
				PRODUCT_BUNDLE_IDENTIFIER = demo.Demo16;
				PRODUCT_NAME = "$(TARGET_NAME)";
				SWIFT_EMIT_LOC_STRINGS = YES;
				TARGETED_DEVICE_FAMILY = "1,2";
			};
			name = Debug;
		};
		B570668228B89E1D00FBF9C2 /* Release */ = {
			isa = XCBuildConfiguration;
			buildSettings = {
				ASSETCATALOG_COMPILER_APPICON_NAME = AppIcon;
				ASSETCATALOG_COMPILER_GLOBAL_ACCENT_COLOR_NAME = AccentColor;
				CODE_SIGN_STYLE = Automatic;
				CURRENT_PROJECT_VERSION = 1;
				GENERATE_INFOPLIST_FILE = YES;
				INFOPLIST_FILE = Demo16/Info.plist;
				INFOPLIST_KEY_UIApplicationSupportsIndirectInputEvents = YES;
				INFOPLIST_KEY_UILaunchStoryboardName = LaunchScreen;
				INFOPLIST_KEY_UIMainStoryboardFile = Main;
				INFOPLIST_KEY_UISupportedInterfaceOrientations_iPad = "UIInterfaceOrientationPortrait UIInterfaceOrientationPortraitUpsideDown UIInterfaceOrientationLandscapeLeft UIInterfaceOrientationLandscapeRight";
				INFOPLIST_KEY_UISupportedInterfaceOrientations_iPhone = "UIInterfaceOrientationPortrait UIInterfaceOrientationLandscapeLeft UIInterfaceOrientationLandscapeRight";
				LD_RUNPATH_SEARCH_PATHS = (
					"$(inherited)",
					"@executable_path/Frameworks",
				);
				MARKETING_VERSION = 1.0;
				PRODUCT_BUNDLE_IDENTIFIER = demo.Demo16;
				PRODUCT_NAME = "$(TARGET_NAME)";
				SWIFT_EMIT_LOC_STRINGS = YES;
				TARGETED_DEVICE_FAMILY = "1,2";
			};
			name = Release;
		};
		B570668428B89E1D00FBF9C2 /* Debug */ = {
			isa = XCBuildConfiguration;
			buildSettings = {
				BUNDLE_LOADER = "$(TEST_HOST)";
				CODE_SIGN_STYLE = Automatic;
				CURRENT_PROJECT_VERSION = 1;
				GENERATE_INFOPLIST_FILE = YES;
				IPHONEOS_DEPLOYMENT_TARGET = 15.5;
				MARKETING_VERSION = 1.0;
				PRODUCT_BUNDLE_IDENTIFIER = demo.Demo16Tests;
				PRODUCT_NAME = "$(TARGET_NAME)";
				SWIFT_EMIT_LOC_STRINGS = NO;
				TARGETED_DEVICE_FAMILY = "1,2";
				TEST_HOST = "$(BUILT_PRODUCTS_DIR)/Demo16.app/Demo16";
			};
			name = Debug;
		};
		B570668528B89E1D00FBF9C2 /* Release */ = {
			isa = XCBuildConfiguration;
			buildSettings = {
				BUNDLE_LOADER = "$(TEST_HOST)";
				CODE_SIGN_STYLE = Automatic;
				CURRENT_PROJECT_VERSION = 1;
				GENERATE_INFOPLIST_FILE = YES;
				IPHONEOS_DEPLOYMENT_TARGET = 15.5;
				MARKETING_VERSION = 1.0;
				PRODUCT_BUNDLE_IDENTIFIER = demo.Demo16Tests;
				PRODUCT_NAME = "$(TARGET_NAME)";
				SWIFT_EMIT_LOC_STRINGS = NO;
				TARGETED_DEVICE_FAMILY = "1,2";
				TEST_HOST = "$(BUILT_PRODUCTS_DIR)/Demo16.app/Demo16";
			};
			name = Release;
		};
		B570668728B89E1D00FBF9C2 /* Debug */ = {
			isa = XCBuildConfiguration;
			buildSettings = {
				CODE_SIGN_STYLE = Automatic;
				CURRENT_PROJECT_VERSION = 1;
				GENERATE_INFOPLIST_FILE = YES;
				MARKETING_VERSION = 1.0;
				PRODUCT_BUNDLE_IDENTIFIER = demo.Demo16UITests;
				PRODUCT_NAME = "$(TARGET_NAME)";
				SWIFT_EMIT_LOC_STRINGS = NO;
				TARGETED_DEVICE_FAMILY = "1,2";
				TEST_TARGET_NAME = Demo16;
			};
			name = Debug;
		};
		B570668828B89E1D00FBF9C2 /* Release */ = {
			isa = XCBuildConfiguration;
			buildSettings = {
				CODE_SIGN_STYLE = Automatic;
				CURRENT_PROJECT_VERSION = 1;
				GENERATE_INFOPLIST_FILE = YES;
				MARKETING_VERSION = 1.0;
				PRODUCT_BUNDLE_IDENTIFIER = demo.Demo16UITests;
				PRODUCT_NAME = "$(TARGET_NAME)";
				SWIFT_EMIT_LOC_STRINGS = NO;
				TARGETED_DEVICE_FAMILY = "1,2";
				TEST_TARGET_NAME = Demo16;
			};
			name = Release;
		};
/* End XCBuildConfiguration section */

/* Begin XCConfigurationList section */
		B570664C28B89E1700FBF9C2 /* Build configuration list for PBXProject "Demo16" */ = {
			isa = XCConfigurationList;
			buildConfigurations = (
				B570667E28B89E1D00FBF9C2 /* Debug */,
				B570667F28B89E1D00FBF9C2 /* Release */,
			);
			defaultConfigurationIsVisible = 0;
			defaultConfigurationName = Release;
		};
		B570668028B89E1D00FBF9C2 /* Build configuration list for PBXNativeTarget "Demo16" */ = {
			isa = XCConfigurationList;
			buildConfigurations = (
				B570668128B89E1D00FBF9C2 /* Debug */,
				B570668228B89E1D00FBF9C2 /* Release */,
			);
			defaultConfigurationIsVisible = 0;
			defaultConfigurationName = Release;
		};
		B570668328B89E1D00FBF9C2 /* Build configuration list for PBXNativeTarget "Demo16Tests" */ = {
			isa = XCConfigurationList;
			buildConfigurations = (
				B570668428B89E1D00FBF9C2 /* Debug */,
				B570668528B89E1D00FBF9C2 /* Release */,
			);
			defaultConfigurationIsVisible = 0;
			defaultConfigurationName = Release;
		};
		B570668628B89E1D00FBF9C2 /* Build configuration list for PBXNativeTarget "Demo16UITests" */ = {
			isa = XCConfigurationList;
			buildConfigurations = (
				B570668728B89E1D00FBF9C2 /* Debug */,
				B570668828B89E1D00FBF9C2 /* Release */,
			);
			defaultConfigurationIsVisible = 0;
			defaultConfigurationName = Release;
		};
/* End XCConfigurationList section */
	};
	rootObject = B570664928B89E1700FBF9C2 /* Project object */;
}
